
Microsoft Visual Studio Solution File, Format Version 12.00
# Visual Studio Version 17
VisualStudioVersion = 17.7.34202.233
MinimumVisualStudioVersion = 10.0.40219.1
Project("{8BC9CEB8-8B4A-11D0-8D11-00A0C91BC942}") = "lab4.5", "lab4.5\lab4.5.vcxproj", "{5AC1466E-E8FC-4141-9888-F92EEBBA9DAD}"
EndProject
Global
	GlobalSection(SolutionConfigurationPlatforms) = preSolution
		Debug|x64 = Debug|x64
		Debug|x86 = Debug|x86
		Release|x64 = Release|x64
		Release|x86 = Release|x86
	EndGlobalSection
	GlobalSection(ProjectConfigurationPlatforms) = postSolution
		{5AC1466E-E8FC-4141-9888-F92EEBBA9DAD}.Debug|x64.ActiveCfg = Debug|x64
		{5AC1466E-E8FC-4141-9888-F92EEBBA9DAD}.Debug|x64.Build.0 = Debug|x64
		{5AC1466E-E8FC-4141-9888-F92EEBBA9DAD}.Debug|x86.ActiveCfg = Debug|Win32
		{5AC1466E-E8FC-4141-9888-F92EEBBA9DAD}.Debug|x86.Build.0 = Debug|Win32
		{5AC1466E-E8FC-4141-9888-F92EEBBA9DAD}.Release|x64.ActiveCfg = Release|x64
		{5AC1466E-E8FC-4141-9888-F92EEBBA9DAD}.Release|x64.Build.0 = Release|x64
		{5AC1466E-E8FC-4141-9888-F92EEBBA9DAD}.Release|x86.ActiveCfg = Release|Win32
		{5AC1466E-E8FC-4141-9888-F92EEBBA9DAD}.Release|x86.Build.0 = Release|Win32
	EndGlobalSection
	GlobalSection(SolutionProperties) = preSolution
		HideSolutionNode = FALSE
	EndGlobalSection
	GlobalSection(ExtensibilityGlobals) = postSolution
		SolutionGuid = {3186B056-7E02-4194-9A0F-D938F12BB803}
	EndGlobalSection
EndGlobal
